
Microsoft Visual Studio Solution File, Format Version 12.00
# Visual Studio Version 17
VisualStudioVersion = 17.14.37502.11
MinimumVisualStudioVersion = 10.0.40219.1
Project("{FAE04EC0-301F-11D3-BF4B-00C04F79EFBC}") = "ControleResidencial", "ControleResidencial\ControleResidencial.csproj", "{4F29E14E-B2A7-47B2-8C05-4D963AC1BC58}"
EndProject
Global
	GlobalSection(SolutionConfigurationPlatforms) = preSolution
		Debug|Any CPU = Debug|Any CPU
		Release|Any CPU = Release|Any CPU
	EndGlobalSection
	GlobalSection(ProjectConfigurationPlatforms) = postSolution
		{4F29E14E-B2A7-47B2-8C05-4D963AC1BC58}.Debug|Any CPU.ActiveCfg = Debug|Any CPU
		{4F29E14E-B2A7-47B2-8C05-4D963AC1BC58}.Debug|Any CPU.Build.0 = Debug|Any CPU
		{4F29E14E-B2A7-47B2-8C05-4D963AC1BC58}.Release|Any CPU.ActiveCfg = Release|Any CPU
		{4F29E14E-B2A7-47B2-8C05-4D963AC1BC58}.Release|Any CPU.Build.0 = Release|Any CPU
	EndGlobalSection
	GlobalSection(SolutionProperties) = preSolution
		HideSolutionNode = FALSE
	EndGlobalSection
	GlobalSection(ExtensibilityGlobals) = postSolution
		SolutionGuid = {699FD448-1F01-4695-9944-5C2B77DC084A}
	EndGlobalSection
EndGlobal
